schema: '2.0'
stages:
  build-paper-2:
    cmd: "calkit runenv -n latex -- latexmk -cd -interaction=nonstopmode -pdf paper-2/paper.tex\n"
    deps:
    - path: .calkit/environments/latex.yaml
      hash: md5
      md5: a2daf8fb84b593caf26512bdea23a39e
      size: 75
    - path: paper-2/paper.tex
      hash: md5
      md5: 5c37019785b569c3fcb2bd529681851b
      size: 38082
    outs:
    - path: paper-2/paper.pdf
      hash: md5
      md5: 97e890481decc5f477468b51cb15737f
      size: 246653
  plot:
    cmd: python plot.py
    deps:
    - path: plot.py
      hash: md5
      md5: eba9cea799867a19d51c56b0b177a0e1
      size: 159
    outs:
    - path: figs
      hash: md5
      md5: 3b22686430e564b276447d7598f96f74.dir
      size: 35828
      nfiles: 2
